
Microsoft Visual Studio Solution File, Format Version 12.00
# Visual Studio 14
VisualStudioVersion = 14.0.25420.1
MinimumVisualStudioVersion = 10.0.40219.1
Project("{FAE04EC0-301F-11D3-BF4B-00C04F79EFBC}") = "CentroMedico.DALC", "CentroMedico.DALC\CentroMedico.DALC.csproj", "{4F1F13AE-72E7-4348-99E7-EE13172F365F}"
EndProject
Project("{FAE04EC0-301F-11D3-BF4B-00C04F79EFBC}") = "CentroMedico.Negocio", "CentroMedico.Negocio\CentroMedico.Negocio.csproj", "{2FD11228-8740-4064-9729-5B89C71C81A2}"
EndProject
Project("{FAE04EC0-301F-11D3-BF4B-00C04F79EFBC}") = "Pruebas", "Pruebas\Pruebas.csproj", "{A8C997DC-8046-4388-8D09-E1D0C9F19673}"
EndProject
Project("{FAE04EC0-301F-11D3-BF4B-00C04F79EFBC}") = "CentroMedico.WebService", "CentroMedico.WebService\CentroMedico.WebService.csproj", "{38F974AB-D0AB-4A8B-A0D7-C47F64D7E4C2}"
EndProject
Global
	GlobalSection(SolutionConfigurationPlatforms) = preSolution
		Debug|Any CPU = Debug|Any CPU
		Release|Any CPU = Release|Any CPU
	EndGlobalSection
	GlobalSection(ProjectConfigurationPlatforms) = postSolution
		{4F1F13AE-72E7-4348-99E7-EE13172F365F}.Debug|Any CPU.ActiveCfg = Debug|Any CPU
		{4F1F13AE-72E7-4348-99E7-EE13172F365F}.Debug|Any CPU.Build.0 = Debug|Any CPU
		{4F1F13AE-72E7-4348-99E7-EE13172F365F}.Release|Any CPU.ActiveCfg = Release|Any CPU
		{4F1F13AE-72E7-4348-99E7-EE13172F365F}.Release|Any CPU.Build.0 = Release|Any CPU
		{2FD11228-8740-4064-9729-5B89C71C81A2}.Debug|Any CPU.ActiveCfg = Debug|Any CPU
		{2FD11228-8740-4064-9729-5B89C71C81A2}.Debug|Any CPU.Build.0 = Debug|Any CPU
		{2FD11228-8740-4064-9729-5B89C71C81A2}.Release|Any CPU.ActiveCfg = Release|Any CPU
		{2FD11228-8740-4064-9729-5B89C71C81A2}.Release|Any CPU.Build.0 = Release|Any CPU
		{A8C997DC-8046-4388-8D09-E1D0C9F19673}.Debug|Any CPU.ActiveCfg = Debug|Any CPU
		{A8C997DC-8046-4388-8D09-E1D0C9F19673}.Debug|Any CPU.Build.0 = Debug|Any CPU
		{A8C997DC-8046-4388-8D09-E1D0C9F19673}.Release|Any CPU.ActiveCfg = Release|Any CPU
		{A8C997DC-8046-4388-8D09-E1D0C9F19673}.Release|Any CPU.Build.0 = Release|Any CPU
		{38F974AB-D0AB-4A8B-A0D7-C47F64D7E4C2}.Debug|Any CPU.ActiveCfg = Debug|Any CPU
		{38F974AB-D0AB-4A8B-A0D7-C47F64D7E4C2}.Debug|Any CPU.Build.0 = Debug|Any CPU
		{38F974AB-D0AB-4A8B-A0D7-C47F64D7E4C2}.Release|Any CPU.ActiveCfg = Release|Any CPU
		{38F974AB-D0AB-4A8B-A0D7-C47F64D7E4C2}.Release|Any CPU.Build.0 = Release|Any CPU
	EndGlobalSection
	GlobalSection(SolutionProperties) = preSolution
		HideSolutionNode = FALSE
	EndGlobalSection
EndGlobal
